// !$*UTF8*$!
{
	archiveVersion = 1;
	classes = {
	};
	objectVersion = 46;
	objects = {

/* Begin PBXBuildFile section */
		758323621C8E4B80003621B4 /* main.cpp in Sources */ = {isa = PBXBuildFile; fileRef = 758323611C8E4B80003621B4 /* main.cpp */; };
/* End PBXBuildFile section */

/* Begin PBXCopyFilesBuildPhase section */
		7583235C1C8E4B80003621B4 /* CopyFiles */ = {
			isa = PBXCopyFilesBuildPhase;
			buildActionMask = 2147483647;
			dstPath = /usr/share/man/man1/;
			dstSubfolderSpec = 0;
			files = (
			);
			runOnlyForDeploymentPostprocessing = 1;
		};
/* End PBXCopyFilesBuildPhase section */

/* Begin PBXFileReference section */
		750FAF141C934F0300BB28F1 /* queue */ = {isa = PBXFileReference; lastKnownFileType = folder; name = queue; path = ../../../../Downloads/queue; sourceTree = "<group>"; };
		7583235E1C8E4B80003621B4 /* CS303 Notes and Code */ = {isa = PBXFileReference; explicitFileType = "compiled.mach-o.executable"; includeInIndex = 0; path = "CS303 Notes and Code"; sourceTree = BUILT_PRODUCTS_DIR; };
		758323611C8E4B80003621B4 /* main.cpp */ = {isa = PBXFileReference; lastKnownFileType = sourcecode.cpp.cpp; path = main.cpp; sourceTree = "<group>"; };
		7583236C1C8E4C3F003621B4 /* 3-7-2016 Notes.hpp */ = {isa = PBXFileReference; fileEncoding = 4; lastKnownFileType = sourcecode.cpp.h; path = "3-7-2016 Notes.hpp"; sourceTree = "<group>"; };
		7583238E1C90EAD4003621B4 /* 3-9-2016 Notes.hpp */ = {isa = PBXFileReference; fileEncoding = 4; lastKnownFileType = sourcecode.cpp.h; path = "3-9-2016 Notes.hpp"; sourceTree = "<group>"; };
		75A9D3BF1C977696005BE68C /* 3-14-2016 Notes.h */ = {isa = PBXFileReference; lastKnownFileType = sourcecode.c.h; path = "3-14-2016 Notes.h"; sourceTree = "<group>"; };
/* End PBXFileReference section */

/* Begin PBXFrameworksBuildPhase section */
		7583235B1C8E4B80003621B4 /* Frameworks */ = {
			isa = PBXFrameworksBuildPhase;
			buildActionMask = 2147483647;
			files = (
			);
			runOnlyForDeploymentPostprocessing = 0;
		};
/* End PBXFrameworksBuildPhase section */

/* Begin PBXGroup section */
		758323551C8E4B80003621B4 = {
			isa = PBXGroup;
			children = (
				758323601C8E4B80003621B4 /* CS303 Notes and Code */,
				7583235F1C8E4B80003621B4 /* Products */,
			);
			sourceTree = "<group>";
		};
		7583235F1C8E4B80003621B4 /* Products */ = {
			isa = PBXGroup;
			children = (
				7583235E1C8E4B80003621B4 /* CS303 Notes and Code */,
			);
			name = Products;
			sourceTree = "<group>";
		};
		758323601C8E4B80003621B4 /* CS303 Notes and Code */ = {
			isa = PBXGroup;
			children = (
				758323611C8E4B80003621B4 /* main.cpp */,
				7583236C1C8E4C3F003621B4 /* 3-7-2016 Notes.hpp */,
				7583238E1C90EAD4003621B4 /* 3-9-2016 Notes.hpp */,
				75A9D3BF1C977696005BE68C /* 3-14-2016 Notes.h */,
				750FAF141C934F0300BB28F1 /* queue */,
			);
			path = "CS303 Notes and Code";
			sourceTree = "<group>";
		};
/* End PBXGroup section */

/* Begin PBXNativeTarget section */
		7583235D1C8E4B80003621B4 /* CS303 Notes and Code */ = {
			isa = PBXNativeTarget;
			buildConfigurationList = 758323651C8E4B80003621B4 /* Build configuration list for PBXNativeTarget "CS303 Notes and Code" */;
			buildPhases = (
				7583235A1C8E4B80003621B4 /* Sources */,
				7583235B1C8E4B80003621B4 /* Frameworks */,
				7583235C1C8E4B80003621B4 /* CopyFiles */,
			);
			buildRules = (
			);
			dependencies = (
			);
			name = "CS303 Notes and Code";
			productName = "CS303 Notes and Code";
			productReference = 7583235E1C8E4B80003621B4 /* CS303 Notes and Code */;
			productType = "com.apple.product-type.tool";
		};
/* End PBXNativeTarget section */

/* Begin PBXProject section */
		758323561C8E4B80003621B4 /* Project object */ = {
			isa = PBXProject;
			attributes = {
				LastUpgradeCheck = 0720;
				ORGANIZATIONNAME = "Binh Vinh Mai";
				TargetAttributes = {
					7583235D1C8E4B80003621B4 = {
						CreatedOnToolsVersion = 7.2.1;
					};
				};
			};
			buildConfigurationList = 758323591C8E4B80003621B4 /* Build configuration list for PBXProject "CS303 Notes and Code" */;
			compatibilityVersion = "Xcode 3.2";
			developmentRegion = English;
			hasScannedForEncodings = 0;
			knownRegions = (
				en,
			);
			mainGroup = 758323551C8E4B80003621B4;
			productRefGroup = 7583235F1C8E4B80003621B4 /* Products */;
			projectDirPath = "";
			projectRoot = "";
			targets = (
				7583235D1C8E4B80003621B4 /* CS303 Notes and Code */,
			);
		};
/* End PBXProject section */

/* Begin PBXSourcesBuildPhase section */
		7583235A1C8E4B80003621B4 /* Sources */ = {
			isa = PBXSourcesBuildPhase;
			buildActionMask = 2147483647;
			files = (
				758323621C8E4B80003621B4 /* main.cpp in Sources */,
			);
			runOnlyForDeploymentPostprocessing = 0;
		};
/* End PBXSourcesBuildPhase section */

/* Begin XCBuildConfiguration section */
		758323631C8E4B80003621B4 /* Debug */ = {
			isa = XCBuildConfiguration;
			buildSettings = {
				ALWAYS_SEARCH_USER_PATHS = NO;
				CLANG_CXX_LANGUAGE_STANDARD = "gnu++0x";
				CLANG_CXX_LIBRARY = "libc++";
				CLANG_ENABLE_MODULES = YES;
				CLANG_ENABLE_OBJC_ARC = YES;
				CLANG_WARN_BOOL_CONVERSION = YES;
				CLANG_WARN_CONSTANT_CONVERSION = YES;
				CLANG_WARN_DIRECT_OBJC_ISA_USAGE = YES_ERROR;
				CLANG_WARN_EMPTY_BODY = YES;
				CLANG_WARN_ENUM_CONVERSION = YES;
				CLANG_WARN_INT_CONVERSION = YES;
				CLANG_WARN_OBJC_ROOT_CLASS = YES_ERROR;
				CLANG_WARN_UNREACHABLE_CODE = YES;
				CLANG_WARN__DUPLICATE_METHOD_MATCH = YES;
				CODE_SIGN_IDENTITY = "-";
				COPY_PHASE_STRIP = NO;
				DEBUG_INFORMATION_FORMAT = dwarf;
				ENABLE_STRICT_OBJC_MSGSEND = YES;
				ENABLE_TESTABILITY = YES;
				GCC_C_LANGUAGE_STANDARD = gnu99;
				GCC_DYNAMIC_NO_PIC = NO;
				GCC_NO_COMMON_BLOCKS = YES;
				GCC_OPTIMIZATION_LEVEL = 0;
				GCC_PREPROCESSOR_DEFINITIONS = (
					"DEBUG=1",
					"$(inherited)",
				);
				GCC_WARN_64_TO_32_BIT_CONVERSION = YES;
				GCC_WARN_ABOUT_RETURN_TYPE = YES_ERROR;
				GCC_WARN_UNDECLARED_SELECTOR = YES;
				GCC_WARN_UNINITIALIZED_AUTOS = YES_AGGRESSIVE;
				GCC_WARN_UNUSED_FUNCTION = YES;
				GCC_WARN_UNUSED_VARIABLE = YES;
				MACOSX_DEPLOYMENT_TARGET = 10.11;
				MTL_ENABLE_DEBUG_INFO = YES;
				ONLY_ACTIVE_ARCH = YES;
				SDKROOT = macosx;
			};
			name = Debug;
		};
		758323641C8E4B80003621B4 /* Release */ = {
			isa = XCBuildConfiguration;
			buildSettings = {
				ALWAYS_SEARCH_USER_PATHS = NO;
				CLANG_CXX_LANGUAGE_STANDARD = "gnu++0x";
				CLANG_CXX_LIBRARY = "libc++";
				CLANG_ENABLE_MODULES = YES;
				CLANG_ENABLE_OBJC_ARC = YES;
				CLANG_WARN_BOOL_CONVERSION = YES;
				CLANG_WARN_CONSTANT_CONVERSION = YES;
				CLANG_WARN_DIRECT_OBJC_ISA_USAGE = YES_ERROR;
				CLANG_WARN_EMPTY_BODY = YES;
				CLANG_WARN_ENUM_CONVERSION = YES;
				CLANG_WARN_INT_CONVERSION = YES;
				CLANG_WARN_OBJC_ROOT_CLASS = YES_ERROR;
				CLANG_WARN_UNREACHABLE_CODE = YES;
				CLANG_WARN__DUPLICATE_METHOD_MATCH = YES;
				CODE_SIGN_IDENTITY = "-";
				COPY_PHASE_STRIP = NO;
				DEBUG_INFORMATION_FORMAT = "dwarf-with-dsym";
				ENABLE_NS_ASSERTIONS = NO;
				ENABLE_STRICT_OBJC_MSGSEND = YES;
				GCC_C_LANGUAGE_STANDARD = gnu99;
				GCC_NO_COMMON_BLOCKS = YES;
				GCC_WARN_64_TO_32_BIT_CONVERSION = YES;
				GCC_WARN_ABOUT_RETURN_TYPE = YES_ERROR;
				GCC_WARN_UNDECLARED_SELECTOR = YES;
				GCC_WARN_UNINITIALIZED_AUTOS = YES_AGGRESSIVE;
				GCC_WARN_UNUSED_FUNCTION = YES;
				GCC_WARN_UNUSED_VARIABLE = YES;
				MACOSX_DEPLOYMENT_TARGET = 10.11;
				MTL_ENABLE_DEBUG_INFO = NO;
				SDKROOT = macosx;
			};
			name = Release;
		};
		758323661C8E4B80003621B4 /* Debug */ = {
			isa = XCBuildConfiguration;
			buildSettings = {
				PRODUCT_NAME = "$(TARGET_NAME)";
			};
			name = Debug;
		};
		758323671C8E4B80003621B4 /* Release */ = {
			isa = XCBuildConfiguration;
			buildSettings = {
				PRODUCT_NAME = "$(TARGET_NAME)";
			};
			name = Release;
		};
/* End XCBuildConfiguration section */

/* Begin XCConfigurationList section */
		758323591C8E4B80003621B4 /* Build configuration list for PBXProject "CS303 Notes and Code" */ = {
			isa = XCConfigurationList;
			buildConfigurations = (
				758323631C8E4B80003621B4 /* Debug */,
				758323641C8E4B80003621B4 /* Release */,
			);
			defaultConfigurationIsVisible = 0;
			defaultConfigurationName = Release;
		};
		758323651C8E4B80003621B4 /* Build configuration list for PBXNativeTarget "CS303 Notes and Code" */ = {
			isa = XCConfigurationList;
			buildConfigurations = (
				758323661C8E4B80003621B4 /* Debug */,
				758323671C8E4B80003621B4 /* Release */,
			);
			defaultConfigurationIsVisible = 0;
			defaultConfigurationName = Release;
		};
/* End XCConfigurationList section */
	};
	rootObject = 758323561C8E4B80003621B4 /* Project object */;
}
